
Microsoft Visual Studio Solution File, Format Version 12.00
# Visual Studio Version 16
VisualStudioVersion = 16.0.29519.87
MinimumVisualStudioVersion = 10.0.40219.1
Project("{FAE04EC0-301F-11D3-BF4B-00C04F79EFBC}") = "DuploLoop", "DuploLoop\DuploLoop.csproj", "{09D8698D-83AA-476A-87B4-B0C0F0242348}"
EndProject
Global
	GlobalSection(SolutionConfigurationPlatforms) = preSolution
		Debug|Any CPU = Debug|Any CPU
		Release|Any CPU = Release|Any CPU
	EndGlobalSection
	GlobalSection(ProjectConfigurationPlatforms) = postSolution
		{09D8698D-83AA-476A-87B4-B0C0F0242348}.Debug|Any CPU.ActiveCfg = Debug|Any CPU
		{09D8698D-83AA-476A-87B4-B0C0F0242348}.Debug|Any CPU.Build.0 = Debug|Any CPU
		{09D8698D-83AA-476A-87B4-B0C0F0242348}.Release|Any CPU.ActiveCfg = Release|Any CPU
		{09D8698D-83AA-476A-87B4-B0C0F0242348}.Release|Any CPU.Build.0 = Release|Any CPU
	EndGlobalSection
	GlobalSection(SolutionProperties) = preSolution
		HideSolutionNode = FALSE
	EndGlobalSection
	GlobalSection(ExtensibilityGlobals) = postSolution
		SolutionGuid = {6CC7A02F-90A4-4EBC-B45F-A56DE244E677}
	EndGlobalSection
EndGlobal
