
Microsoft Visual Studio Solution File, Format Version 12.00
# Visual Studio Version 16
VisualStudioVersion = 16.0.29519.87
MinimumVisualStudioVersion = 10.0.40219.1
Project("{FAE04EC0-301F-11D3-BF4B-00C04F79EFBC}") = "Pneu", "Pneu\Pneu.csproj", "{2E26ACC9-8AD9-4D56-A4E0-1EB30FC7E11C}"
EndProject
Global
	GlobalSection(SolutionConfigurationPlatforms) = preSolution
		Debug|Any CPU = Debug|Any CPU
		Release|Any CPU = Release|Any CPU
	EndGlobalSection
	GlobalSection(ProjectConfigurationPlatforms) = postSolution
		{2E26ACC9-8AD9-4D56-A4E0-1EB30FC7E11C}.Debug|Any CPU.ActiveCfg = Debug|Any CPU
		{2E26ACC9-8AD9-4D56-A4E0-1EB30FC7E11C}.Debug|Any CPU.Build.0 = Debug|Any CPU
		{2E26ACC9-8AD9-4D56-A4E0-1EB30FC7E11C}.Release|Any CPU.ActiveCfg = Release|Any CPU
		{2E26ACC9-8AD9-4D56-A4E0-1EB30FC7E11C}.Release|Any CPU.Build.0 = Release|Any CPU
	EndGlobalSection
	GlobalSection(SolutionProperties) = preSolution
		HideSolutionNode = FALSE
	EndGlobalSection
	GlobalSection(ExtensibilityGlobals) = postSolution
		SolutionGuid = {586E581A-7869-4C0B-947D-00C65C34B1CA}
	EndGlobalSection
EndGlobal
