
Microsoft Visual Studio Solution File, Format Version 12.00
# Visual Studio Version 16
VisualStudioVersion = 16.0.29519.87
MinimumVisualStudioVersion = 10.0.40219.1
Project("{FAE04EC0-301F-11D3-BF4B-00C04F79EFBC}") = "Teatro", "Teatro\Teatro.csproj", "{140B7EFE-A91E-4E38-9829-86896D5B968E}"
EndProject
Global
	GlobalSection(SolutionConfigurationPlatforms) = preSolution
		Debug|Any CPU = Debug|Any CPU
		Release|Any CPU = Release|Any CPU
	EndGlobalSection
	GlobalSection(ProjectConfigurationPlatforms) = postSolution
		{140B7EFE-A91E-4E38-9829-86896D5B968E}.Debug|Any CPU.ActiveCfg = Debug|Any CPU
		{140B7EFE-A91E-4E38-9829-86896D5B968E}.Debug|Any CPU.Build.0 = Debug|Any CPU
		{140B7EFE-A91E-4E38-9829-86896D5B968E}.Release|Any CPU.ActiveCfg = Release|Any CPU
		{140B7EFE-A91E-4E38-9829-86896D5B968E}.Release|Any CPU.Build.0 = Release|Any CPU
	EndGlobalSection
	GlobalSection(SolutionProperties) = preSolution
		HideSolutionNode = FALSE
	EndGlobalSection
	GlobalSection(ExtensibilityGlobals) = postSolution
		SolutionGuid = {7E8C2DFE-AA9C-492E-80B8-44D5B6306292}
	EndGlobalSection
EndGlobal
