
Microsoft Visual Studio Solution File, Format Version 12.00
# Visual Studio Version 16
VisualStudioVersion = 16.0.29613.14
MinimumVisualStudioVersion = 10.0.40219.1
Project("{FAE04EC0-301F-11D3-BF4B-00C04F79EFBC}") = "Velha", "Velha\Velha.csproj", "{15DFA787-CCD4-4587-933F-33BC4E764175}"
EndProject
Global
	GlobalSection(SolutionConfigurationPlatforms) = preSolution
		Debug|Any CPU = Debug|Any CPU
		Release|Any CPU = Release|Any CPU
	EndGlobalSection
	GlobalSection(ProjectConfigurationPlatforms) = postSolution
		{15DFA787-CCD4-4587-933F-33BC4E764175}.Debug|Any CPU.ActiveCfg = Debug|Any CPU
		{15DFA787-CCD4-4587-933F-33BC4E764175}.Debug|Any CPU.Build.0 = Debug|Any CPU
		{15DFA787-CCD4-4587-933F-33BC4E764175}.Release|Any CPU.ActiveCfg = Release|Any CPU
		{15DFA787-CCD4-4587-933F-33BC4E764175}.Release|Any CPU.Build.0 = Release|Any CPU
	EndGlobalSection
	GlobalSection(SolutionProperties) = preSolution
		HideSolutionNode = FALSE
	EndGlobalSection
	GlobalSection(ExtensibilityGlobals) = postSolution
		SolutionGuid = {85D9524E-2B05-4264-8BA4-05AF21AA834A}
	EndGlobalSection
EndGlobal
