
Microsoft Visual Studio Solution File, Format Version 12.00
# Visual Studio Version 16
VisualStudioVersion = 16.0.29519.87
MinimumVisualStudioVersion = 10.0.40219.1
Project("{FAE04EC0-301F-11D3-BF4B-00C04F79EFBC}") = "Strings", "Strings\Strings.csproj", "{CF7FD562-D1FC-4C75-AEA0-1834BE6D30F7}"
EndProject
Global
	GlobalSection(SolutionConfigurationPlatforms) = preSolution
		Debug|Any CPU = Debug|Any CPU
		Release|Any CPU = Release|Any CPU
	EndGlobalSection
	GlobalSection(ProjectConfigurationPlatforms) = postSolution
		{CF7FD562-D1FC-4C75-AEA0-1834BE6D30F7}.Debug|Any CPU.ActiveCfg = Debug|Any CPU
		{CF7FD562-D1FC-4C75-AEA0-1834BE6D30F7}.Debug|Any CPU.Build.0 = Debug|Any CPU
		{CF7FD562-D1FC-4C75-AEA0-1834BE6D30F7}.Release|Any CPU.ActiveCfg = Release|Any CPU
		{CF7FD562-D1FC-4C75-AEA0-1834BE6D30F7}.Release|Any CPU.Build.0 = Release|Any CPU
	EndGlobalSection
	GlobalSection(SolutionProperties) = preSolution
		HideSolutionNode = FALSE
	EndGlobalSection
	GlobalSection(ExtensibilityGlobals) = postSolution
		SolutionGuid = {4BF133C9-865F-4E53-BDC8-A7628D76E9D0}
	EndGlobalSection
EndGlobal
