
Microsoft Visual Studio Solution File, Format Version 12.00
# Visual Studio Version 16
VisualStudioVersion = 16.0.29519.181
MinimumVisualStudioVersion = 10.0.40219.1
Project("{FAE04EC0-301F-11D3-BF4B-00C04F79EFBC}") = "Comparador", "Comparador\Comparador.csproj", "{970B2E81-0BB9-42D1-BF3C-157ADD3DEBE3}"
EndProject
Global
	GlobalSection(SolutionConfigurationPlatforms) = preSolution
		Debug|Any CPU = Debug|Any CPU
		Release|Any CPU = Release|Any CPU
	EndGlobalSection
	GlobalSection(ProjectConfigurationPlatforms) = postSolution
		{970B2E81-0BB9-42D1-BF3C-157ADD3DEBE3}.Debug|Any CPU.ActiveCfg = Debug|Any CPU
		{970B2E81-0BB9-42D1-BF3C-157ADD3DEBE3}.Debug|Any CPU.Build.0 = Debug|Any CPU
		{970B2E81-0BB9-42D1-BF3C-157ADD3DEBE3}.Release|Any CPU.ActiveCfg = Release|Any CPU
		{970B2E81-0BB9-42D1-BF3C-157ADD3DEBE3}.Release|Any CPU.Build.0 = Release|Any CPU
	EndGlobalSection
	GlobalSection(SolutionProperties) = preSolution
		HideSolutionNode = FALSE
	EndGlobalSection
	GlobalSection(ExtensibilityGlobals) = postSolution
		SolutionGuid = {2D8F4566-F27D-479B-AA1A-BA0DA947630D}
	EndGlobalSection
EndGlobal
