
Microsoft Visual Studio Solution File, Format Version 12.00
# Visual Studio Version 16
VisualStudioVersion = 16.0.29519.87
MinimumVisualStudioVersion = 10.0.40219.1
Project("{FAE04EC0-301F-11D3-BF4B-00C04F79EFBC}") = "IMC", "IMC\IMC.csproj", "{A355A55E-9204-43F8-8D5A-585C2F462386}"
EndProject
Global
	GlobalSection(SolutionConfigurationPlatforms) = preSolution
		Debug|Any CPU = Debug|Any CPU
		Release|Any CPU = Release|Any CPU
	EndGlobalSection
	GlobalSection(ProjectConfigurationPlatforms) = postSolution
		{A355A55E-9204-43F8-8D5A-585C2F462386}.Debug|Any CPU.ActiveCfg = Debug|Any CPU
		{A355A55E-9204-43F8-8D5A-585C2F462386}.Debug|Any CPU.Build.0 = Debug|Any CPU
		{A355A55E-9204-43F8-8D5A-585C2F462386}.Release|Any CPU.ActiveCfg = Release|Any CPU
		{A355A55E-9204-43F8-8D5A-585C2F462386}.Release|Any CPU.Build.0 = Release|Any CPU
	EndGlobalSection
	GlobalSection(SolutionProperties) = preSolution
		HideSolutionNode = FALSE
	EndGlobalSection
	GlobalSection(ExtensibilityGlobals) = postSolution
		SolutionGuid = {F15215E9-EBE1-4929-AF99-49FAC444BCD1}
	EndGlobalSection
EndGlobal
